
Microsoft Visual Studio Solution File, Format Version 12.00
# Visual Studio Version 16
VisualStudioVersion = 16.0.30320.27
MinimumVisualStudioVersion = 10.0.40219.1
Project("{9A19103F-16F7-4668-BE54-9A1E7A4F7556}") = "ItsUmbria2020.ConsoleApp", "ItsUmbria2020.ConsoleApp\ItsUmbria2020.ConsoleApp.csproj", "{4CB3D12A-C829-4D4D-96A6-8CD92D94C12F}"
EndProject
Project("{9A19103F-16F7-4668-BE54-9A1E7A4F7556}") = "ItsUmbria2020.CardGame", "ItsUmbria2020.CardGame\ItsUmbria2020.CardGame.csproj", "{27CFF486-CB70-4EC3-95AF-7941F585E04C}"
EndProject
Project("{9A19103F-16F7-4668-BE54-9A1E7A4F7556}") = "ItsUmbria2020.Geometry", "ItsUmbria2020.Geometry\ItsUmbria2020.Geometry.csproj", "{6EB27D28-DA3F-4AB5-AB6D-2B62235CC32E}"
EndProject
Project("{9A19103F-16F7-4668-BE54-9A1E7A4F7556}") = "ItsUmbria2020.Language", "ItsUmbria2020.Language\ItsUmbria2020.Language.csproj", "{8650197B-1439-4FEE-83D0-ED77A800405C}"
EndProject
Project("{9A19103F-16F7-4668-BE54-9A1E7A4F7556}") = "ItsUmbria2020.Singleton", "ItsUmbria2020.Singleton\ItsUmbria2020.Singleton.csproj", "{8EC82384-9DDF-491A-B95F-AD1AF0D1B0CC}"
EndProject
Project("{9A19103F-16F7-4668-BE54-9A1E7A4F7556}") = "ItsUmbria.WebPage", "ItsUmbria.WebPage\ItsUmbria.WebPage.csproj", "{3EC89851-7EDD-4510-B2C3-A95CC52F90B4}"
EndProject
Project("{9A19103F-16F7-4668-BE54-9A1E7A4F7556}") = "ItsUmbria.MultiWebPage", "ItsUmbria.MultiWebPage\ItsUmbria.MultiWebPage.csproj", "{3344F5E8-9B0D-4166-85C0-B4AAA7D4AEA5}"
EndProject
Project("{9A19103F-16F7-4668-BE54-9A1E7A4F7556}") = "ItsUmbria2020.Garbaging", "ItsUmbria2020.Garbaging\ItsUmbria2020.Garbaging.csproj", "{ABB27842-69AE-49F9-8A7B-07978589B898}"
EndProject
Project("{9A19103F-16F7-4668-BE54-9A1E7A4F7556}") = "ItsUmbria2020.CarFactory", "ItsUmbria2020.CarFactory\ItsUmbria2020.CarFactory.csproj", "{A2A1ED03-F182-4B62-A17D-53BC02BAAEC4}"
EndProject
Project("{9A19103F-16F7-4668-BE54-9A1E7A4F7556}") = "ItsUmbria2020.Noe", "ItsUmbria2020.Noe\ItsUmbria2020.Noe.csproj", "{8E39438E-E6F4-4911-AB51-49779E63C0EC}"
EndProject
Project("{2150E333-8FDC-42A3-9474-1A3956D46DE8}") = "ItsUmbria2020.OnlineGame", "ItsUmbria2020.OnlineGame", "{44649699-507C-48BA-B0D7-0A55C66BE0EC}"
EndProject
Project("{2150E333-8FDC-42A3-9474-1A3956D46DE8}") = "ItsUmbria2020.Theory", "ItsUmbria2020.Theory", "{EC2FD4F8-B4D6-4581-9A61-F2D551ADC8D5}"
EndProject
Project("{FAE04EC0-301F-11D3-BF4B-00C04F79EFBC}") = "ItsUmbria2020.OnlineGame.Library.Models", "ItsUmbria2020.OnlineGame.Library.Models\ItsUmbria2020.OnlineGame.Library.Models.csproj", "{F148947F-A320-4001-971A-C9EBED9A1484}"
EndProject
Project("{FAE04EC0-301F-11D3-BF4B-00C04F79EFBC}") = "ItsUmbria2020.ConsoleApp.Test", "ItsUmbria2020.ConsoleApp.Test\ItsUmbria2020.ConsoleApp.Test.csproj", "{9ADD1E32-6617-4CE7-A020-798869C1C174}"
EndProject
Global
	GlobalSection(SolutionConfigurationPlatforms) = preSolution
		Debug|Any CPU = Debug|Any CPU
		Release|Any CPU = Release|Any CPU
	EndGlobalSection
	GlobalSection(ProjectConfigurationPlatforms) = postSolution
		{4CB3D12A-C829-4D4D-96A6-8CD92D94C12F}.Debug|Any CPU.ActiveCfg = Debug|Any CPU
		{4CB3D12A-C829-4D4D-96A6-8CD92D94C12F}.Debug|Any CPU.Build.0 = Debug|Any CPU
		{4CB3D12A-C829-4D4D-96A6-8CD92D94C12F}.Release|Any CPU.ActiveCfg = Release|Any CPU
		{4CB3D12A-C829-4D4D-96A6-8CD92D94C12F}.Release|Any CPU.Build.0 = Release|Any CPU
		{27CFF486-CB70-4EC3-95AF-7941F585E04C}.Debug|Any CPU.ActiveCfg = Debug|Any CPU
		{27CFF486-CB70-4EC3-95AF-7941F585E04C}.Debug|Any CPU.Build.0 = Debug|Any CPU
		{27CFF486-CB70-4EC3-95AF-7941F585E04C}.Release|Any CPU.ActiveCfg = Release|Any CPU
		{27CFF486-CB70-4EC3-95AF-7941F585E04C}.Release|Any CPU.Build.0 = Release|Any CPU
		{6EB27D28-DA3F-4AB5-AB6D-2B62235CC32E}.Debug|Any CPU.ActiveCfg = Debug|Any CPU
		{6EB27D28-DA3F-4AB5-AB6D-2B62235CC32E}.Debug|Any CPU.Build.0 = Debug|Any CPU
		{6EB27D28-DA3F-4AB5-AB6D-2B62235CC32E}.Release|Any CPU.ActiveCfg = Release|Any CPU
		{6EB27D28-DA3F-4AB5-AB6D-2B62235CC32E}.Release|Any CPU.Build.0 = Release|Any CPU
		{8650197B-1439-4FEE-83D0-ED77A800405C}.Debug|Any CPU.ActiveCfg = Debug|Any CPU
		{8650197B-1439-4FEE-83D0-ED77A800405C}.Debug|Any CPU.Build.0 = Debug|Any CPU
		{8650197B-1439-4FEE-83D0-ED77A800405C}.Release|Any CPU.ActiveCfg = Release|Any CPU
		{8650197B-1439-4FEE-83D0-ED77A800405C}.Release|Any CPU.Build.0 = Release|Any CPU
		{8EC82384-9DDF-491A-B95F-AD1AF0D1B0CC}.Debug|Any CPU.ActiveCfg = Debug|Any CPU
		{8EC82384-9DDF-491A-B95F-AD1AF0D1B0CC}.Debug|Any CPU.Build.0 = Debug|Any CPU
		{8EC82384-9DDF-491A-B95F-AD1AF0D1B0CC}.Release|Any CPU.ActiveCfg = Release|Any CPU
		{8EC82384-9DDF-491A-B95F-AD1AF0D1B0CC}.Release|Any CPU.Build.0 = Release|Any CPU
		{3EC89851-7EDD-4510-B2C3-A95CC52F90B4}.Debug|Any CPU.ActiveCfg = Debug|Any CPU
		{3EC89851-7EDD-4510-B2C3-A95CC52F90B4}.Debug|Any CPU.Build.0 = Debug|Any CPU
		{3EC89851-7EDD-4510-B2C3-A95CC52F90B4}.Release|Any CPU.ActiveCfg = Release|Any CPU
		{3EC89851-7EDD-4510-B2C3-A95CC52F90B4}.Release|Any CPU.Build.0 = Release|Any CPU
		{3344F5E8-9B0D-4166-85C0-B4AAA7D4AEA5}.Debug|Any CPU.ActiveCfg = Debug|Any CPU
		{3344F5E8-9B0D-4166-85C0-B4AAA7D4AEA5}.Debug|Any CPU.Build.0 = Debug|Any CPU
		{3344F5E8-9B0D-4166-85C0-B4AAA7D4AEA5}.Release|Any CPU.ActiveCfg = Release|Any CPU
		{3344F5E8-9B0D-4166-85C0-B4AAA7D4AEA5}.Release|Any CPU.Build.0 = Release|Any CPU
		{ABB27842-69AE-49F9-8A7B-07978589B898}.Debug|Any CPU.ActiveCfg = Debug|Any CPU
		{ABB27842-69AE-49F9-8A7B-07978589B898}.Debug|Any CPU.Build.0 = Debug|Any CPU
		{ABB27842-69AE-49F9-8A7B-07978589B898}.Release|Any CPU.ActiveCfg = Release|Any CPU
		{ABB27842-69AE-49F9-8A7B-07978589B898}.Release|Any CPU.Build.0 = Release|Any CPU
		{A2A1ED03-F182-4B62-A17D-53BC02BAAEC4}.Debug|Any CPU.ActiveCfg = Debug|Any CPU
		{A2A1ED03-F182-4B62-A17D-53BC02BAAEC4}.Debug|Any CPU.Build.0 = Debug|Any CPU
		{A2A1ED03-F182-4B62-A17D-53BC02BAAEC4}.Release|Any CPU.ActiveCfg = Release|Any CPU
		{A2A1ED03-F182-4B62-A17D-53BC02BAAEC4}.Release|Any CPU.Build.0 = Release|Any CPU
		{8E39438E-E6F4-4911-AB51-49779E63C0EC}.Debug|Any CPU.ActiveCfg = Debug|Any CPU
		{8E39438E-E6F4-4911-AB51-49779E63C0EC}.Debug|Any CPU.Build.0 = Debug|Any CPU
		{8E39438E-E6F4-4911-AB51-49779E63C0EC}.Release|Any CPU.ActiveCfg = Release|Any CPU
		{8E39438E-E6F4-4911-AB51-49779E63C0EC}.Release|Any CPU.Build.0 = Release|Any CPU
		{F148947F-A320-4001-971A-C9EBED9A1484}.Debug|Any CPU.ActiveCfg = Debug|Any CPU
		{F148947F-A320-4001-971A-C9EBED9A1484}.Debug|Any CPU.Build.0 = Debug|Any CPU
		{F148947F-A320-4001-971A-C9EBED9A1484}.Release|Any CPU.ActiveCfg = Release|Any CPU
		{F148947F-A320-4001-971A-C9EBED9A1484}.Release|Any CPU.Build.0 = Release|Any CPU
		{9ADD1E32-6617-4CE7-A020-798869C1C174}.Debug|Any CPU.ActiveCfg = Debug|Any CPU
		{9ADD1E32-6617-4CE7-A020-798869C1C174}.Debug|Any CPU.Build.0 = Debug|Any CPU
		{9ADD1E32-6617-4CE7-A020-798869C1C174}.Release|Any CPU.ActiveCfg = Release|Any CPU
		{9ADD1E32-6617-4CE7-A020-798869C1C174}.Release|Any CPU.Build.0 = Release|Any CPU
	EndGlobalSection
	GlobalSection(SolutionProperties) = preSolution
		HideSolutionNode = FALSE
	EndGlobalSection
	GlobalSection(NestedProjects) = preSolution
		{4CB3D12A-C829-4D4D-96A6-8CD92D94C12F} = {EC2FD4F8-B4D6-4581-9A61-F2D551ADC8D5}
		{27CFF486-CB70-4EC3-95AF-7941F585E04C} = {EC2FD4F8-B4D6-4581-9A61-F2D551ADC8D5}
		{6EB27D28-DA3F-4AB5-AB6D-2B62235CC32E} = {EC2FD4F8-B4D6-4581-9A61-F2D551ADC8D5}
		{8650197B-1439-4FEE-83D0-ED77A800405C} = {EC2FD4F8-B4D6-4581-9A61-F2D551ADC8D5}
		{8EC82384-9DDF-491A-B95F-AD1AF0D1B0CC} = {EC2FD4F8-B4D6-4581-9A61-F2D551ADC8D5}
		{3EC89851-7EDD-4510-B2C3-A95CC52F90B4} = {EC2FD4F8-B4D6-4581-9A61-F2D551ADC8D5}
		{3344F5E8-9B0D-4166-85C0-B4AAA7D4AEA5} = {EC2FD4F8-B4D6-4581-9A61-F2D551ADC8D5}
		{ABB27842-69AE-49F9-8A7B-07978589B898} = {EC2FD4F8-B4D6-4581-9A61-F2D551ADC8D5}
		{A2A1ED03-F182-4B62-A17D-53BC02BAAEC4} = {EC2FD4F8-B4D6-4581-9A61-F2D551ADC8D5}
		{8E39438E-E6F4-4911-AB51-49779E63C0EC} = {EC2FD4F8-B4D6-4581-9A61-F2D551ADC8D5}
		{F148947F-A320-4001-971A-C9EBED9A1484} = {44649699-507C-48BA-B0D7-0A55C66BE0EC}
		{9ADD1E32-6617-4CE7-A020-798869C1C174} = {44649699-507C-48BA-B0D7-0A55C66BE0EC}
	EndGlobalSection
	GlobalSection(ExtensibilityGlobals) = postSolution
		SolutionGuid = {36CCCE18-5D15-4595-95CB-7894A5F9FF5B}
	EndGlobalSection
EndGlobal
